
Microsoft Visual Studio Solution File, Format Version 12.00
# Visual Studio 15
VisualStudioVersion = 15.0.27130.2027
MinimumVisualStudioVersion = 10.0.40219.1
Project("{FAE04EC0-301F-11D3-BF4B-00C04F79EFBC}") = "MVVMWebAppTemplate", "MVVMWebAppTemplate\MVVMWebAppTemplate.csproj", "{B2C2CBCD-DD3A-4331-8DE8-5907AC839550}"
EndProject
Project("{FAE04EC0-301F-11D3-BF4B-00C04F79EFBC}") = "MVVMWebAppTemplate.Tests", "MVVMWebAppTemplate.Tests\MVVMWebAppTemplate.Tests.csproj", "{C94CE072-4EFE-4329-A0C6-8938DB490B14}"
EndProject
Project("{FAE04EC0-301F-11D3-BF4B-00C04F79EFBC}") = "Shared", "Shared\Shared.csproj", "{9232C652-4CB8-47E3-8758-DE0E3B2928FE}"
EndProject
Global
	GlobalSection(SolutionConfigurationPlatforms) = preSolution
		Debug|Any CPU = Debug|Any CPU
		Release|Any CPU = Release|Any CPU
	EndGlobalSection
	GlobalSection(ProjectConfigurationPlatforms) = postSolution
		{B2C2CBCD-DD3A-4331-8DE8-5907AC839550}.Debug|Any CPU.ActiveCfg = Debug|Any CPU
		{B2C2CBCD-DD3A-4331-8DE8-5907AC839550}.Debug|Any CPU.Build.0 = Debug|Any CPU
		{B2C2CBCD-DD3A-4331-8DE8-5907AC839550}.Release|Any CPU.ActiveCfg = Release|Any CPU
		{B2C2CBCD-DD3A-4331-8DE8-5907AC839550}.Release|Any CPU.Build.0 = Release|Any CPU
		{C94CE072-4EFE-4329-A0C6-8938DB490B14}.Debug|Any CPU.ActiveCfg = Debug|Any CPU
		{C94CE072-4EFE-4329-A0C6-8938DB490B14}.Debug|Any CPU.Build.0 = Debug|Any CPU
		{C94CE072-4EFE-4329-A0C6-8938DB490B14}.Release|Any CPU.ActiveCfg = Release|Any CPU
		{C94CE072-4EFE-4329-A0C6-8938DB490B14}.Release|Any CPU.Build.0 = Release|Any CPU
		{9232C652-4CB8-47E3-8758-DE0E3B2928FE}.Debug|Any CPU.ActiveCfg = Debug|Any CPU
		{9232C652-4CB8-47E3-8758-DE0E3B2928FE}.Debug|Any CPU.Build.0 = Debug|Any CPU
		{9232C652-4CB8-47E3-8758-DE0E3B2928FE}.Release|Any CPU.ActiveCfg = Release|Any CPU
		{9232C652-4CB8-47E3-8758-DE0E3B2928FE}.Release|Any CPU.Build.0 = Release|Any CPU
	EndGlobalSection
	GlobalSection(SolutionProperties) = preSolution
		HideSolutionNode = FALSE
	EndGlobalSection
	GlobalSection(ExtensibilityGlobals) = postSolution
		SolutionGuid = {1B59313E-3DC1-4ACD-B1B5-DA5278B8DF88}
	EndGlobalSection
EndGlobal
